
Microsoft Visual Studio Solution File, Format Version 12.00
# Visual Studio Version 17
VisualStudioVersion = 17.3.32901.215
MinimumVisualStudioVersion = 10.0.40219.1
Project("{9A19103F-16F7-4668-BE54-9A1E7A4F7556}") = "Nemag.FrontEnd", "Nemag.FrontEnd\Nemag.FrontEnd.csproj", "{48ACD522-3FF7-4F16-AC76-A59CD299F899}"
EndProject
Project("{9A19103F-16F7-4668-BE54-9A1E7A4F7556}") = "Nemag.Auxiliar", "..\Nemag.Auxiliar\Nemag.Auxiliar\Nemag.Auxiliar.csproj", "{7C5C7E38-C22F-4704-A0C3-C281486688DA}"
EndProject
Global
	GlobalSection(SolutionConfigurationPlatforms) = preSolution
		Debug|Any CPU = Debug|Any CPU
		Release|Any CPU = Release|Any CPU
	EndGlobalSection
	GlobalSection(ProjectConfigurationPlatforms) = postSolution
		{48ACD522-3FF7-4F16-AC76-A59CD299F899}.Debug|Any CPU.ActiveCfg = Debug|Any CPU
		{48ACD522-3FF7-4F16-AC76-A59CD299F899}.Debug|Any CPU.Build.0 = Debug|Any CPU
		{48ACD522-3FF7-4F16-AC76-A59CD299F899}.Release|Any CPU.ActiveCfg = Release|Any CPU
		{48ACD522-3FF7-4F16-AC76-A59CD299F899}.Release|Any CPU.Build.0 = Release|Any CPU
		{7C5C7E38-C22F-4704-A0C3-C281486688DA}.Debug|Any CPU.ActiveCfg = Debug|Any CPU
		{7C5C7E38-C22F-4704-A0C3-C281486688DA}.Debug|Any CPU.Build.0 = Debug|Any CPU
		{7C5C7E38-C22F-4704-A0C3-C281486688DA}.Release|Any CPU.ActiveCfg = Release|Any CPU
		{7C5C7E38-C22F-4704-A0C3-C281486688DA}.Release|Any CPU.Build.0 = Release|Any CPU
	EndGlobalSection
	GlobalSection(SolutionProperties) = preSolution
		HideSolutionNode = FALSE
	EndGlobalSection
	GlobalSection(ExtensibilityGlobals) = postSolution
		SolutionGuid = {CD4F6F0D-4EB2-4FBD-96B0-5FF091249C8E}
	EndGlobalSection
	GlobalSection(TeamFoundationVersionControl) = preSolution
		SccNumberOfProjects = 3
		SccEnterpriseProvider = {4CA58AB2-18FA-4F8D-95D4-32DDF27D184C}
		SccTeamFoundationServer = https://unishipping.visualstudio.com/
		SccLocalPath0 = .
		SccProjectUniqueName1 = Nemag.FrontEnd\\Nemag.FrontEnd.csproj
		SccProjectName1 = Nemag.FrontEnd
		SccLocalPath1 = Nemag.FrontEnd
		SccProjectUniqueName2 = ..\\Nemag.Auxiliar\\Nemag.Auxiliar\\Nemag.Auxiliar.csproj
		SccProjectName2 = ../Nemag.Auxiliar/Nemag.Auxiliar
		SccLocalPath2 = ..\\Nemag.Auxiliar\\Nemag.Auxiliar
	EndGlobalSection
EndGlobal
