
Microsoft Visual Studio Solution File, Format Version 12.00
# Visual Studio 15
VisualStudioVersion = 15.0.28307.705
MinimumVisualStudioVersion = 10.0.40219.1
Project("{9A19103F-16F7-4668-BE54-9A1E7A4F7556}") = "Nemag.Database", "Nemag.Database\Nemag.Database.csproj", "{12886E0B-2845-4F40-91F7-FC606A724041}"
EndProject
Global
	GlobalSection(SolutionConfigurationPlatforms) = preSolution
		Debug|Any CPU = Debug|Any CPU
		Release|Any CPU = Release|Any CPU
	EndGlobalSection
	GlobalSection(ProjectConfigurationPlatforms) = postSolution
		{12886E0B-2845-4F40-91F7-FC606A724041}.Debug|Any CPU.ActiveCfg = Debug|Any CPU
		{12886E0B-2845-4F40-91F7-FC606A724041}.Debug|Any CPU.Build.0 = Debug|Any CPU
		{12886E0B-2845-4F40-91F7-FC606A724041}.Release|Any CPU.ActiveCfg = Release|Any CPU
		{12886E0B-2845-4F40-91F7-FC606A724041}.Release|Any CPU.Build.0 = Release|Any CPU
	EndGlobalSection
	GlobalSection(SolutionProperties) = preSolution
		HideSolutionNode = FALSE
	EndGlobalSection
	GlobalSection(ExtensibilityGlobals) = postSolution
		SolutionGuid = {F44D087B-0B2D-47C0-9328-34FE7C15FA4B}
	EndGlobalSection
	GlobalSection(TeamFoundationVersionControl) = preSolution
		SccNumberOfProjects = 2
		SccEnterpriseProvider = {4CA58AB2-18FA-4F8D-95D4-32DDF27D184C}
		SccTeamFoundationServer = https://mentecriativa.visualstudio.com/
		SccLocalPath0 = .
		SccProjectUniqueName1 = Nemag.Database\\Nemag.Database.csproj
		SccProjectName1 = Nemag.Database
		SccLocalPath1 = Nemag.Database
	EndGlobalSection
EndGlobal
